
Microsoft Visual Studio Solution File, Format Version 12.00
# Visual Studio Version 17
VisualStudioVersion = 17.13.35913.81 d17.13
MinimumVisualStudioVersion = 10.0.40219.1
Project("{8BC9CEB8-8B4A-11D0-8D11-00A0C91BC942}") = "ShootingGameV1.10", "ShootingGameV1.10.vcxproj", "{1DBB71CE-2A8B-41E1-A913-8E310F661453}"
EndProject
Global
	GlobalSection(SolutionConfigurationPlatforms) = preSolution
		Debug|x64 = Debug|x64
		Debug|x86 = Debug|x86
		Release|x64 = Release|x64
		Release|x86 = Release|x86
	EndGlobalSection
	GlobalSection(ProjectConfigurationPlatforms) = postSolution
		{1DBB71CE-2A8B-41E1-A913-8E310F661453}.Debug|x64.ActiveCfg = Debug|x64
		{1DBB71CE-2A8B-41E1-A913-8E310F661453}.Debug|x64.Build.0 = Debug|x64
		{1DBB71CE-2A8B-41E1-A913-8E310F661453}.Debug|x86.ActiveCfg = Debug|Win32
		{1DBB71CE-2A8B-41E1-A913-8E310F661453}.Debug|x86.Build.0 = Debug|Win32
		{1DBB71CE-2A8B-41E1-A913-8E310F661453}.Release|x64.ActiveCfg = Release|x64
		{1DBB71CE-2A8B-41E1-A913-8E310F661453}.Release|x64.Build.0 = Release|x64
		{1DBB71CE-2A8B-41E1-A913-8E310F661453}.Release|x86.ActiveCfg = Release|Win32
		{1DBB71CE-2A8B-41E1-A913-8E310F661453}.Release|x86.Build.0 = Release|Win32
	EndGlobalSection
	GlobalSection(SolutionProperties) = preSolution
		HideSolutionNode = FALSE
	EndGlobalSection
	GlobalSection(ExtensibilityGlobals) = postSolution
		SolutionGuid = {56C26849-585B-463E-8EFD-B5A160698BB3}
	EndGlobalSection
EndGlobal
